{
  "version": 1,
  "dependencies": {
    "net10.0": {
      "System.CommandLine": {
        "type": "Direct",
        "requested": "[2.0.0-beta4.22272.1, )",
        "resolved": "2.0.0-beta4.22272.1",
        "contentHash": "1uqED/q2H0kKoLJ4+hI2iPSBSEdTuhfCYADeJrAqERmiGQ2NNacYKRNEQ+gFbU4glgVyK8rxI+ZOe1onEtr/Pg=="
      },
      "System.Management.Automation": {
        "type": "Direct",
        "requested": "[7.6.3, )",
        "resolved": "7.6.3",
        "contentHash": "UOYpko3cUccGmUp3ipeOz1NTiyEDPqAZz2nzAvpkq2k8Ld8CMpp4c6fcLwR60hwBgftkU9Ag7azBbe2PUVq3Xg==",
        "dependencies": {
          "Microsoft.ApplicationInsights": "2.23.0",
          "Microsoft.Management.Infrastructure": "3.0.0",
          "Microsoft.PowerShell.CoreCLR.Eventing": "7.6.3",
          "Microsoft.PowerShell.Native": "700.0.0",
          "Microsoft.Security.Extensions": "1.4.0",
          "Microsoft.Win32.Registry.AccessControl": "10.0.5",
          "Newtonsoft.Json": "13.0.4",
          "System.CodeDom": "10.0.5",
          "System.Configuration.ConfigurationManager": "10.0.5",
          "System.Diagnostics.EventLog": "10.0.5",
          "System.DirectoryServices": "10.0.5",
          "System.Management": "10.0.5",
          "System.Security.Cryptography.Pkcs": "10.0.5",
          "System.Security.Cryptography.ProtectedData": "10.0.5",
          "System.Security.Permissions": "10.0.5",
          "System.Windows.Extensions": "10.0.5"
        }
      },
      "Microsoft.ApplicationInsights": {
        "type": "Transitive",
        "resolved": "2.23.0",
        "contentHash": "nWArUZTdU7iqZLycLKWe0TDms48KKGE6pONH2terYNa8REXiqixrMOkf1sk5DHGMaUTqONU2YkS4SAXBhLStgw=="
      },
      "Microsoft.Management.Infrastructure": {
        "type": "Transitive",
        "resolved": "3.0.0",
        "contentHash": "cGZi0q5IujCTVYKo9h22Pw+UwfZDV82HXO8HTxMG2HqntPlT3Ls8jY6punLp4YzCypJNpfCAu2kae3TIyuAiJw==",
        "dependencies": {
          "Microsoft.Management.Infrastructure.Runtime.Unix": "3.0.0",
          "Microsoft.Management.Infrastructure.Runtime.Win": "3.0.0"
        }
      },
      "Microsoft.Management.Infrastructure.Runtime.Unix": {
        "type": "Transitive",
        "resolved": "3.0.0",
        "contentHash": "QZE3uEDvZ0m7LabQvcmNOYHp7v1QPBVMpB/ild0WEE8zqUVAP5y9rRI5we37ImI1bQmW5pZ+3HNC70POPm0jBQ=="
      },
      "Microsoft.Management.Infrastructure.Runtime.Win": {
        "type": "Transitive",
        "resolved": "3.0.0",
        "contentHash": "uwMyWN33+iQ8Wm/n1yoPXgFoiYNd0HzJyoqSVhaQZyJfaQrJR3udgcIHjqa1qbc3lS6kvfuUMN4TrF4U4refCQ=="
      },
      "Microsoft.PowerShell.CoreCLR.Eventing": {
        "type": "Transitive",
        "resolved": "7.6.3",
        "contentHash": "HDFDWMZyztrT+tp55pgZSsKtwm+Ue4NE2gF8DsPGU6066YawfXVcTUUjHbEbhRxIdXj5pECps3XVJwujLQ9vnA==",
        "dependencies": {
          "System.Diagnostics.EventLog": "10.0.5"
        }
      },
      "Microsoft.PowerShell.Native": {
        "type": "Transitive",
        "resolved": "700.0.0",
        "contentHash": "F1L0wFLzMn01kbt75VQwXjRtpO21yJuPhRvwkrkunPVU8eyLdb1RHVigHIbBSIw7xV5rF6S+1fC0SWWJ1M3J5Q=="
      },
      "Microsoft.Security.Extensions": {
        "type": "Transitive",
        "resolved": "1.4.0",
        "contentHash": "MnHXttc0jHbRrGdTJ+yJBbGDoa4OXhtnKXHQw70foMyAooFtPScZX/dN+Nib47nuglc9Gt29Gfb5Zl+1lAuTeA=="
      },
      "Microsoft.Win32.Registry.AccessControl": {
        "type": "Transitive",
        "resolved": "10.0.5",
        "contentHash": "1J6ooeZGeTSlM2vZdB1UHm9Y7vP8f/pS+Pd2JrqfjXLBZXrrby4rXBY6pP2k/Wb26CVm9TlEPjyWB2ryXT69LA=="
      },
      "Newtonsoft.Json": {
        "type": "Transitive",
        "resolved": "13.0.4",
        "contentHash": "pdgNNMai3zv51W5aq268sujXUyx7SNdE2bj1wZcWjAQrKMFZV260lbqYop1d2GM67JI1huLRwxo9ZqnfF/lC6A=="
      },
      "System.CodeDom": {
        "type": "Transitive",
        "resolved": "10.0.5",
        "contentHash": "hGZWDDJh1U6t7fy3iO4HlZYK1ur1fWE3sTqTNHkHk0Leh0JUcxYM//JtLBNG5g+6D2Lt0+aHH8rc7e5oIlNgCg=="
      },
      "System.Configuration.ConfigurationManager": {
        "type": "Transitive",
        "resolved": "10.0.5",
        "contentHash": "9UHU7hldEOVgcOHUX7Pa+owDfpzhW+a1gshEvyknAoDA++G6FV+N1cPoUbtsXEO7GgPErGSg8MHrI/YqrLoiGA==",
        "dependencies": {
          "System.Diagnostics.EventLog": "10.0.5",
          "System.Security.Cryptography.ProtectedData": "10.0.5"
        }
      },
      "System.Diagnostics.EventLog": {
        "type": "Transitive",
        "resolved": "10.0.5",
        "contentHash": "wugvy+pBVzjQEnRs9wMTWwoaeNFX3hsaHeVHFDIvJSWXp7wfmNWu3mxAwBIE6pyW+g6+rHa1Of5fTzb0QVqUTA=="
      },
      "System.DirectoryServices": {
        "type": "Transitive",
        "resolved": "10.0.5",
        "contentHash": "1AbKZ7Jh/kN7U7BPf5fLWMXjaXeSCCSL8OLvs1aM2P4FJL1+BATcnIjhUgG3pcmII0aFN+tWS/rX0iBZkX9AVw=="
      },
      "System.Management": {
        "type": "Transitive",
        "resolved": "10.0.5",
        "contentHash": "JhBVxvWhUJ0KAquUK0dMnc3a1Ol4JyH8fMrMQZ9GgEUkrtvPy8DE57SDnGnuvOdI0maJOdguxw87N5bh2eL87A==",
        "dependencies": {
          "System.CodeDom": "10.0.5"
        }
      },
      "System.Security.Cryptography.Pkcs": {
        "type": "Transitive",
        "resolved": "10.0.5",
        "contentHash": "BJEYUZfXpkPIHo2+oFoUemD5CPMFHPJOkRzXrbj/iZrWsjga3ypj8Rqd9bFlSLupEH4IIdD/aBWm/V1gCiBL9w=="
      },
      "System.Security.Cryptography.ProtectedData": {
        "type": "Transitive",
        "resolved": "10.0.5",
        "contentHash": "kxR4O/8o32eNN3m4qbLe3UifYqeyEpallCyVAsLvL5ZFJVyT3JCb+9du/WHfC09VyJh1Q+p/Gd4+AwM7Rz4acg=="
      },
      "System.Security.Permissions": {
        "type": "Transitive",
        "resolved": "10.0.5",
        "contentHash": "mhNFWI/5ljeEUT4nsJFK5ykecpyelRwN6Hy1x0hIJoqs5ssHJ9jr7hIkrjhbiE2Y4usuG1FpZr9S00Oei49aMg==",
        "dependencies": {
          "System.Windows.Extensions": "10.0.5"
        }
      },
      "System.Windows.Extensions": {
        "type": "Transitive",
        "resolved": "10.0.5",
        "contentHash": "5hVP2TIgEqqA590MnKmMN5+Fgzl6xBRjR1wbgC3M1znrZZJe63TwBPN+ymaMgwT0vjsiXk95AjMAe8SAhhJSTg=="
      }
    },
    "net8.0": {
      "System.CommandLine": {
        "type": "Direct",
        "requested": "[2.0.0-beta4.22272.1, )",
        "resolved": "2.0.0-beta4.22272.1",
        "contentHash": "1uqED/q2H0kKoLJ4+hI2iPSBSEdTuhfCYADeJrAqERmiGQ2NNacYKRNEQ+gFbU4glgVyK8rxI+ZOe1onEtr/Pg=="
      },
      "System.Management.Automation": {
        "type": "Direct",
        "requested": "[7.4.11, )",
        "resolved": "7.4.11",
        "contentHash": "jZM3gN5a1BeuTEUAzTfQOBWeiEorLN0WscJtT5QWHbGKTEuu4flkgPLW9av5yFo4j/YQle1LgwwSbMUffdIznQ==",
        "dependencies": {
          "Microsoft.ApplicationInsights": "2.21.0",
          "Microsoft.Management.Infrastructure": "3.0.0",
          "Microsoft.PowerShell.CoreCLR.Eventing": "7.4.11",
          "Microsoft.PowerShell.Native": "7.4.0",
          "Microsoft.Security.Extensions": "1.4.0",
          "Microsoft.Win32.Registry.AccessControl": "8.0.0",
          "Newtonsoft.Json": "13.0.3",
          "System.Configuration.ConfigurationManager": "8.0.1",
          "System.Diagnostics.EventLog": "8.0.2",
          "System.DirectoryServices": "8.0.0",
          "System.Management": "8.0.0",
          "System.Security.Cryptography.Pkcs": "8.0.1",
          "System.Security.Permissions": "8.0.0"
        }
      },
      "Microsoft.ApplicationInsights": {
        "type": "Transitive",
        "resolved": "2.21.0",
        "contentHash": "btZEDWAFNo9CoYliMCriSMTX3ruRGZTtYw4mo2XyyfLlowFicYVM2Xszi5evDG95QRYV7MbbH3D2RqVwfZlJHw=="
      },
      "Microsoft.Management.Infrastructure": {
        "type": "Transitive",
        "resolved": "3.0.0",
        "contentHash": "cGZi0q5IujCTVYKo9h22Pw+UwfZDV82HXO8HTxMG2HqntPlT3Ls8jY6punLp4YzCypJNpfCAu2kae3TIyuAiJw==",
        "dependencies": {
          "Microsoft.Management.Infrastructure.Runtime.Unix": "3.0.0",
          "Microsoft.Management.Infrastructure.Runtime.Win": "3.0.0"
        }
      },
      "Microsoft.Management.Infrastructure.Runtime.Unix": {
        "type": "Transitive",
        "resolved": "3.0.0",
        "contentHash": "QZE3uEDvZ0m7LabQvcmNOYHp7v1QPBVMpB/ild0WEE8zqUVAP5y9rRI5we37ImI1bQmW5pZ+3HNC70POPm0jBQ=="
      },
      "Microsoft.Management.Infrastructure.Runtime.Win": {
        "type": "Transitive",
        "resolved": "3.0.0",
        "contentHash": "uwMyWN33+iQ8Wm/n1yoPXgFoiYNd0HzJyoqSVhaQZyJfaQrJR3udgcIHjqa1qbc3lS6kvfuUMN4TrF4U4refCQ=="
      },
      "Microsoft.PowerShell.CoreCLR.Eventing": {
        "type": "Transitive",
        "resolved": "7.4.11",
        "contentHash": "V24hbrrpdGUlzFXtlNoMsqSlHXEtGUNGYYXF/g2ux9EkmaIzFxYEbmzP8VjVbfHwD/zFFl1yeBvqrj0lE7BaKg==",
        "dependencies": {
          "System.Diagnostics.EventLog": "8.0.2"
        }
      },
      "Microsoft.PowerShell.Native": {
        "type": "Transitive",
        "resolved": "7.4.0",
        "contentHash": "FlaJ3JBWhqFToYT0ycMb/Xxzoof7oTQbNyI4UikgubC7AMWt5ptBNKjIAMPvOcvEHr+ohaO9GvRWp3tiyS3sKw=="
      },
      "Microsoft.Security.Extensions": {
        "type": "Transitive",
        "resolved": "1.4.0",
        "contentHash": "MnHXttc0jHbRrGdTJ+yJBbGDoa4OXhtnKXHQw70foMyAooFtPScZX/dN+Nib47nuglc9Gt29Gfb5Zl+1lAuTeA=="
      },
      "Microsoft.Win32.Registry.AccessControl": {
        "type": "Transitive",
        "resolved": "8.0.0",
        "contentHash": "u8PB9/v02C8mBXzl0vJ7bOyC020zOP+T1mRct+KA46DqZkB40XtsNn9pGD0QowTRsT6R4jPCghn+yAODn2UMMw=="
      },
      "Newtonsoft.Json": {
        "type": "Transitive",
        "resolved": "13.0.3",
        "contentHash": "HrC5BXdl00IP9zeV+0Z848QWPAoCr9P3bDEZguI+gkLcBKAOxix/tLEAAHC+UvDNPv4a2d18lOReHMOagPa+zQ=="
      },
      "System.CodeDom": {
        "type": "Transitive",
        "resolved": "8.0.0",
        "contentHash": "WTlRjL6KWIMr/pAaq3rYqh0TJlzpouaQ/W1eelssHgtlwHAH25jXTkUphTYx9HaIIf7XA6qs/0+YhtLEQRkJ+Q=="
      },
      "System.Configuration.ConfigurationManager": {
        "type": "Transitive",
        "resolved": "8.0.1",
        "contentHash": "gPYFPDyohW2gXNhdQRSjtmeS6FymL2crg4Sral1wtvEJ7DUqFCDWDVbbLobASbzxfic8U1hQEdC7hmg9LHncMw==",
        "dependencies": {
          "System.Diagnostics.EventLog": "8.0.1",
          "System.Security.Cryptography.ProtectedData": "8.0.0"
        }
      },
      "System.Diagnostics.EventLog": {
        "type": "Transitive",
        "resolved": "8.0.2",
        "contentHash": "hH83Rt+x3eezRIsyCgZ15vfulTjphrzZmaT/g2y0+AS6hjvcWHGK0y9lBofgtGZQugXxDZz26JD9U8LuU4lI8g=="
      },
      "System.DirectoryServices": {
        "type": "Transitive",
        "resolved": "8.0.0",
        "contentHash": "7nit//efUTy1OsAKco2f02PMrwsR2S234N0dVVp84udC77YcvpOQDz5znAWMtgMWBzY1aRJvUW61jo/7vQRfXg=="
      },
      "System.Management": {
        "type": "Transitive",
        "resolved": "8.0.0",
        "contentHash": "jrK22i5LRzxZCfGb+tGmke2VH7oE0DvcDlJ1HAKYU8cPmD8XnpUT0bYn2Gy98GEhGjtfbR/sxKTVb+dE770pfA==",
        "dependencies": {
          "System.CodeDom": "8.0.0"
        }
      },
      "System.Security.Cryptography.Pkcs": {
        "type": "Transitive",
        "resolved": "8.0.1",
        "contentHash": "CoCRHFym33aUSf/NtWSVSZa99dkd0Hm7OCZUxORBjRB16LNhIEOf8THPqzIYlvKM0nNDAPTRBa1FxEECrgaxxA=="
      },
      "System.Security.Cryptography.ProtectedData": {
        "type": "Transitive",
        "resolved": "8.0.0",
        "contentHash": "+TUFINV2q2ifyXauQXRwy4CiBhqvDEDZeVJU7qfxya4aRYOKzVBpN+4acx25VcPB9ywUN6C0n8drWl110PhZEg=="
      },
      "System.Security.Permissions": {
        "type": "Transitive",
        "resolved": "8.0.0",
        "contentHash": "v/BBylw7XevuAsHXoX9dDUUfmBIcUf7Lkz8K3ZXIKz3YRKpw8YftpSir4n4e/jDTKFoaK37AsC3xnk+GNFI1Ow==",
        "dependencies": {
          "System.Windows.Extensions": "8.0.0"
        }
      },
      "System.Windows.Extensions": {
        "type": "Transitive",
        "resolved": "8.0.0",
        "contentHash": "Obg3a90MkOw9mYKxrardLpY2u0axDMrSmy4JCdq2cYbelM2cUwmUir5Bomvd1yxmPL9h5LVHU1tuKBZpUjfASg=="
      }
    }
  }
}